
Microsoft Visual Studio Solution File, Format Version 12.00
# Visual Studio Version 16
VisualStudioVersion = 16.0.30114.105
MinimumVisualStudioVersion = 10.0.40219.1
Project("{F2A71F9B-5D33-465A-A702-920D77279786}") = "Git2Sql", "Git2Sql\Git2Sql.fsproj", "{F2540A8F-E921-4EF3-8F46-D43E1C95D686}"
EndProject
Global
	GlobalSection(SolutionConfigurationPlatforms) = preSolution
		Debug|Any CPU = Debug|Any CPU
		Release|Any CPU = Release|Any CPU
	EndGlobalSection
	GlobalSection(SolutionProperties) = preSolution
		HideSolutionNode = FALSE
	EndGlobalSection
	GlobalSection(ProjectConfigurationPlatforms) = postSolution
		{F2540A8F-E921-4EF3-8F46-D43E1C95D686}.Debug|Any CPU.ActiveCfg = Debug|Any CPU
		{F2540A8F-E921-4EF3-8F46-D43E1C95D686}.Debug|Any CPU.Build.0 = Debug|Any CPU
		{F2540A8F-E921-4EF3-8F46-D43E1C95D686}.Release|Any CPU.ActiveCfg = Release|Any CPU
		{F2540A8F-E921-4EF3-8F46-D43E1C95D686}.Release|Any CPU.Build.0 = Release|Any CPU
	EndGlobalSection
EndGlobal
